
Microsoft Visual Studio Solution File, Format Version 12.00
# Visual Studio Version 16
VisualStudioVersion = 16.0.30717.126
MinimumVisualStudioVersion = 10.0.40219.1
Project("{FAE04EC0-301F-11D3-BF4B-00C04F79EFBC}") = "GitBackupTool", "GitBackupTool\GitBackupTool.csproj", "{A07B0579-6FBB-483D-866C-15B7A30BCD5D}"
EndProject
Global
	GlobalSection(SolutionConfigurationPlatforms) = preSolution
		Debug|Any CPU = Debug|Any CPU
		Release|Any CPU = Release|Any CPU
	EndGlobalSection
	GlobalSection(ProjectConfigurationPlatforms) = postSolution
		{A07B0579-6FBB-483D-866C-15B7A30BCD5D}.Debug|Any CPU.ActiveCfg = Debug|Any CPU
		{A07B0579-6FBB-483D-866C-15B7A30BCD5D}.Debug|Any CPU.Build.0 = Debug|Any CPU
		{A07B0579-6FBB-483D-866C-15B7A30BCD5D}.Release|Any CPU.ActiveCfg = Release|Any CPU
		{A07B0579-6FBB-483D-866C-15B7A30BCD5D}.Release|Any CPU.Build.0 = Release|Any CPU
	EndGlobalSection
	GlobalSection(SolutionProperties) = preSolution
		HideSolutionNode = FALSE
	EndGlobalSection
	GlobalSection(ExtensibilityGlobals) = postSolution
		SolutionGuid = {7E390B63-3ECC-4DE7-87E5-DB0733A62D39}
	EndGlobalSection
EndGlobal
